<?xml version="1.0" encoding="utf-8"?>
<Project ToolsVersion="4.0" xmlns="http://schemas.microsoft.com/developer/msbuild/2003">
  <ItemGroup>
    <Filter Include="Source Files">
      <UniqueIdentifier>{4FC737F1-C7A5-4376-A066-2A32D752A2FF}</UniqueIdentifier>
      <Extensions>cpp;c;cxx;cc;s;asm</Extensions>
    </Filter>
    <Filter Include="Header Files">
      <UniqueIdentifier>{93995380-89BD-4b04-88EB-625FBE52EBFB}</UniqueIdentifier>
      <Extensions>h;hpp</Extensions>
    </Filter>
    <Filter Include="Header Files\utility">
      <UniqueIdentifier>{b5a664f2-07ca-4a22-b8e3-0f84dfcb5b6d}</UniqueIdentifier>
    </Filter>
    <Filter Include="Source Files\utility">
      <UniqueIdentifier>{5e05b374-4c69-4af0-95c4-610d599b8707}</UniqueIdentifier>
    </Filter>
    <Filter Include="Header Files\protections">
      <UniqueIdentifier>{1f328a2f-f55f-4e92-88db-4a517e9ea724}</UniqueIdentifier>
    </Filter>
    <Filter Include="Source Files\protections">
      <UniqueIdentifier>{472a3b50-001c-4fbc-bf50-e4dfbfc589fc}</UniqueIdentifier>
    </Filter>
  </ItemGroup>
  <ItemGroup>
    <ClInclude Include="stdafx.h">
      <Filter>Header Files</Filter>
    </ClInclude>
    <ClInclude Include="Detour.h">
      <Filter>Header Files\utility</Filter>
    </ClInclude>
    <ClInclude Include="pgCollection.h">
      <Filter>Header Files\utility</Filter>
    </ClInclude>
    <ClInclude Include="helpers.h">
      <Filter>Header Files\utility</Filter>
    </ClInclude>
    <ClInclude Include="caller.h">
      <Filter>Header Files</Filter>
    </ClInclude>
    <ClInclude Include="natives.h">
      <Filter>Header Files</Filter>
    </ClInclude>
    <ClInclude Include="defines.h">
      <Filter>Header Files</Filter>
    </ClInclude>
    <ClInclude Include="array.h">
      <Filter>Header Files\protections</Filter>
    </ClInclude>
    <ClInclude Include="clone.h">
      <Filter>Header Files\protections</Filter>
    </ClInclude>
    <ClInclude Include="vector.h">
      <Filter>Header Files\utility</Filter>
    </ClInclude>
    <ClInclude Include="event.h">
      <Filter>Header Files\protections</Filter>
    </ClInclude>
    <ClInclude Include="other.h">
      <Filter>Header Files\protections</Filter>
    </ClInclude>
  </ItemGroup>
  <ItemGroup>
    <ClCompile Include="main.cpp">
      <Filter>Source Files</Filter>
    </ClCompile>
    <ClCompile Include="Detour.cpp">
      <Filter>Source Files\utility</Filter>
    </ClCompile>
    <ClCompile Include="helpers.cpp">
      <Filter>Source Files\utility</Filter>
    </ClCompile>
    <ClCompile Include="caller.cpp">
      <Filter>Source Files</Filter>
    </ClCompile>
    <ClCompile Include="defines.cpp">
      <Filter>Source Files</Filter>
    </ClCompile>
    <ClCompile Include="array.cpp">
      <Filter>Source Files\protections</Filter>
    </ClCompile>
    <ClCompile Include="clone.cpp">
      <Filter>Source Files\protections</Filter>
    </ClCompile>
    <ClCompile Include="event.cpp">
      <Filter>Source Files\protections</Filter>
    </ClCompile>
    <ClCompile Include="other.cpp">
      <Filter>Source Files\protections</Filter>
    </ClCompile>
  </ItemGroup>
</Project>